
Microsoft Visual Studio Solution File, Format Version 12.00
# Visual Studio Version 16
VisualStudioVersion = 16.0.30621.155
MinimumVisualStudioVersion = 10.0.40219.1
Project("{FAE04EC0-301F-11D3-BF4B-00C04F79EFBC}") = "OneBanc", "OneBanc\OneBanc.csproj", "{BDDB6E46-7B31-4198-90A6-1EA7D1E52D4F}"
EndProject
Global
	GlobalSection(SolutionConfigurationPlatforms) = preSolution
		Debug|Any CPU = Debug|Any CPU
		Release|Any CPU = Release|Any CPU
	EndGlobalSection
	GlobalSection(ProjectConfigurationPlatforms) = postSolution
		{BDDB6E46-7B31-4198-90A6-1EA7D1E52D4F}.Debug|Any CPU.ActiveCfg = Debug|Any CPU
		{BDDB6E46-7B31-4198-90A6-1EA7D1E52D4F}.Debug|Any CPU.Build.0 = Debug|Any CPU
		{BDDB6E46-7B31-4198-90A6-1EA7D1E52D4F}.Release|Any CPU.ActiveCfg = Release|Any CPU
		{BDDB6E46-7B31-4198-90A6-1EA7D1E52D4F}.Release|Any CPU.Build.0 = Release|Any CPU
	EndGlobalSection
	GlobalSection(SolutionProperties) = preSolution
		HideSolutionNode = FALSE
	EndGlobalSection
	GlobalSection(ExtensibilityGlobals) = postSolution
		SolutionGuid = {5E7BF19A-F60C-4376-8AD7-99938F0ECDF2}
	EndGlobalSection
EndGlobal
